
Microsoft Visual Studio Solution File, Format Version 12.00
# Visual Studio Version 17
VisualStudioVersion = 17.13.35913.81 d17.13
MinimumVisualStudioVersion = 10.0.40219.1
Project("{FAE04EC0-301F-11D3-BF4B-00C04F79EFBC}") = "Dapper_12.06_W", "Dapper_12.06_W\Dapper_12.06_W.csproj", "{E06DAE57-5311-4F28-9B07-21DF1A836156}"
EndProject
Global
	GlobalSection(SolutionConfigurationPlatforms) = preSolution
		Debug|Any CPU = Debug|Any CPU
		Release|Any CPU = Release|Any CPU
	EndGlobalSection
	GlobalSection(ProjectConfigurationPlatforms) = postSolution
		{E06DAE57-5311-4F28-9B07-21DF1A836156}.Debug|Any CPU.ActiveCfg = Debug|Any CPU
		{E06DAE57-5311-4F28-9B07-21DF1A836156}.Debug|Any CPU.Build.0 = Debug|Any CPU
		{E06DAE57-5311-4F28-9B07-21DF1A836156}.Release|Any CPU.ActiveCfg = Release|Any CPU
		{E06DAE57-5311-4F28-9B07-21DF1A836156}.Release|Any CPU.Build.0 = Release|Any CPU
	EndGlobalSection
	GlobalSection(SolutionProperties) = preSolution
		HideSolutionNode = FALSE
	EndGlobalSection
	GlobalSection(ExtensibilityGlobals) = postSolution
		SolutionGuid = {1A6D0D0C-48E0-41FB-864C-5234D31E2397}
	EndGlobalSection
EndGlobal
